
Microsoft Visual Studio Solution File, Format Version 12.00
# Visual Studio 15
VisualStudioVersion = 15.0.27703.2042
MinimumVisualStudioVersion = 10.0.40219.1
Project("{FAE04EC0-301F-11D3-BF4B-00C04F79EFBC}") = "Assignment_QA", "Assignment_QA\Assignment_QA.csproj", "{B161CAE3-BE3A-4A0B-9AAD-BBCE6C75903F}"
EndProject
Project("{FAE04EC0-301F-11D3-BF4B-00C04F79EFBC}") = "Assignment_Test_QA", "Assignment_Test_QA\Assignment_Test_QA.csproj", "{1EA1CA7F-107A-48D1-BBE6-C38E66B38256}"
EndProject
Global
	GlobalSection(SolutionConfigurationPlatforms) = preSolution
		Debug|Any CPU = Debug|Any CPU
		Release|Any CPU = Release|Any CPU
	EndGlobalSection
	GlobalSection(ProjectConfigurationPlatforms) = postSolution
		{B161CAE3-BE3A-4A0B-9AAD-BBCE6C75903F}.Debug|Any CPU.ActiveCfg = Debug|Any CPU
		{B161CAE3-BE3A-4A0B-9AAD-BBCE6C75903F}.Debug|Any CPU.Build.0 = Debug|Any CPU
		{B161CAE3-BE3A-4A0B-9AAD-BBCE6C75903F}.Release|Any CPU.ActiveCfg = Release|Any CPU
		{B161CAE3-BE3A-4A0B-9AAD-BBCE6C75903F}.Release|Any CPU.Build.0 = Release|Any CPU
		{1EA1CA7F-107A-48D1-BBE6-C38E66B38256}.Debug|Any CPU.ActiveCfg = Debug|Any CPU
		{1EA1CA7F-107A-48D1-BBE6-C38E66B38256}.Debug|Any CPU.Build.0 = Debug|Any CPU
		{1EA1CA7F-107A-48D1-BBE6-C38E66B38256}.Release|Any CPU.ActiveCfg = Release|Any CPU
		{1EA1CA7F-107A-48D1-BBE6-C38E66B38256}.Release|Any CPU.Build.0 = Release|Any CPU
	EndGlobalSection
	GlobalSection(SolutionProperties) = preSolution
		HideSolutionNode = FALSE
	EndGlobalSection
	GlobalSection(ExtensibilityGlobals) = postSolution
		SolutionGuid = {B70F9B83-D651-49EF-B5D2-6CDE985D3A0E}
	EndGlobalSection
EndGlobal
